
Microsoft Visual Studio Solution File, Format Version 12.00
# Visual Studio Version 16
VisualStudioVersion = 16.0.29609.76
MinimumVisualStudioVersion = 10.0.40219.1
Project("{FAE04EC0-301F-11D3-BF4B-00C04F79EFBC}") = "Old console project", "TransformerIES\Old console project.csproj", "{E65279F6-E642-49FC-A225-77EA42BDAB52}"
EndProject
Project("{FAE04EC0-301F-11D3-BF4B-00C04F79EFBC}") = "IESTransformer", "IESTransformer\IESTransformer.csproj", "{01F92075-414D-4AE7-BFCF-C3EA7C39FA4E}"
EndProject
Project("{FAE04EC0-301F-11D3-BF4B-00C04F79EFBC}") = "ConsoleTestProject", "ConsoleTestProject\ConsoleTestProject.csproj", "{24A7C9A3-191E-4547-A7AC-B4366E97A108}"
EndProject
Project("{FAE04EC0-301F-11D3-BF4B-00C04F79EFBC}") = "IESTransformer.lib", "IESTransformer.lib\IESTransformer.lib.csproj", "{053BBEB0-BAD5-4B36-948A-7164F56C191E}"
EndProject
Global
	GlobalSection(SolutionConfigurationPlatforms) = preSolution
		Debug|Any CPU = Debug|Any CPU
		Release|Any CPU = Release|Any CPU
	EndGlobalSection
	GlobalSection(ProjectConfigurationPlatforms) = postSolution
		{E65279F6-E642-49FC-A225-77EA42BDAB52}.Debug|Any CPU.ActiveCfg = Debug|Any CPU
		{E65279F6-E642-49FC-A225-77EA42BDAB52}.Debug|Any CPU.Build.0 = Debug|Any CPU
		{E65279F6-E642-49FC-A225-77EA42BDAB52}.Release|Any CPU.ActiveCfg = Release|Any CPU
		{E65279F6-E642-49FC-A225-77EA42BDAB52}.Release|Any CPU.Build.0 = Release|Any CPU
		{01F92075-414D-4AE7-BFCF-C3EA7C39FA4E}.Debug|Any CPU.ActiveCfg = Debug|Any CPU
		{01F92075-414D-4AE7-BFCF-C3EA7C39FA4E}.Debug|Any CPU.Build.0 = Debug|Any CPU
		{01F92075-414D-4AE7-BFCF-C3EA7C39FA4E}.Release|Any CPU.ActiveCfg = Release|Any CPU
		{01F92075-414D-4AE7-BFCF-C3EA7C39FA4E}.Release|Any CPU.Build.0 = Release|Any CPU
		{24A7C9A3-191E-4547-A7AC-B4366E97A108}.Debug|Any CPU.ActiveCfg = Debug|Any CPU
		{24A7C9A3-191E-4547-A7AC-B4366E97A108}.Debug|Any CPU.Build.0 = Debug|Any CPU
		{24A7C9A3-191E-4547-A7AC-B4366E97A108}.Release|Any CPU.ActiveCfg = Release|Any CPU
		{24A7C9A3-191E-4547-A7AC-B4366E97A108}.Release|Any CPU.Build.0 = Release|Any CPU
		{053BBEB0-BAD5-4B36-948A-7164F56C191E}.Debug|Any CPU.ActiveCfg = Debug|Any CPU
		{053BBEB0-BAD5-4B36-948A-7164F56C191E}.Debug|Any CPU.Build.0 = Debug|Any CPU
		{053BBEB0-BAD5-4B36-948A-7164F56C191E}.Release|Any CPU.ActiveCfg = Release|Any CPU
		{053BBEB0-BAD5-4B36-948A-7164F56C191E}.Release|Any CPU.Build.0 = Release|Any CPU
	EndGlobalSection
	GlobalSection(SolutionProperties) = preSolution
		HideSolutionNode = FALSE
	EndGlobalSection
	GlobalSection(ExtensibilityGlobals) = postSolution
		SolutionGuid = {AAA8F205-4CBE-401F-8E73-EE73EBDF01CA}
	EndGlobalSection
EndGlobal
